
Microsoft Visual Studio Solution File, Format Version 12.00
# Visual Studio Version 17
VisualStudioVersion = 17.5.33530.505
MinimumVisualStudioVersion = 10.0.40219.1
Project("{FAE04EC0-301F-11D3-BF4B-00C04F79EFBC}") = "Expense tracker", "Expense tracker\Expense tracker.csproj", "{45F12BCF-D317-40EF-A7E0-DD64EDB94611}"
EndProject
Global
	GlobalSection(SolutionConfigurationPlatforms) = preSolution
		Debug|Any CPU = Debug|Any CPU
		Release|Any CPU = Release|Any CPU
	EndGlobalSection
	GlobalSection(ProjectConfigurationPlatforms) = postSolution
		{45F12BCF-D317-40EF-A7E0-DD64EDB94611}.Debug|Any CPU.ActiveCfg = Debug|Any CPU
		{45F12BCF-D317-40EF-A7E0-DD64EDB94611}.Debug|Any CPU.Build.0 = Debug|Any CPU
		{45F12BCF-D317-40EF-A7E0-DD64EDB94611}.Release|Any CPU.ActiveCfg = Release|Any CPU
		{45F12BCF-D317-40EF-A7E0-DD64EDB94611}.Release|Any CPU.Build.0 = Release|Any CPU
	EndGlobalSection
	GlobalSection(SolutionProperties) = preSolution
		HideSolutionNode = FALSE
	EndGlobalSection
	GlobalSection(ExtensibilityGlobals) = postSolution
		SolutionGuid = {291AC28F-8587-4108-A47B-BB385FD6E47A}
	EndGlobalSection
EndGlobal
